{
  "lockfileVersion": 1,
  "workspaces": {
    "": {
      "name": "livestore-retend",
      "dependencies": {
        "@livestore/adapter-web": "^0.3.1",
        "@livestore/devtools-vite": "^0.3.1",
        "@livestore/livestore": "^0.3.1",
        "@livestore/peer-deps": "^0.3.1",
        "@livestore/sync-cf": "^0.3.1",
        "@livestore/wa-sqlite": "1.0.5-dev.2",
        "retend": "https://pkg.pr.new/resuite/retend@77be303",
      },
      "devDependencies": {
        "@types/node": "latest",
        "typescript": "^5.5.2",
        "vite": "^6.2.1",
      },
    },
  },
  "trustedDependencies": [
    "@parcel/watcher",
  ],
  "packages": {
    "@adbl/cells": ["@adbl/cells@0.0.18", "", {}, "sha512-CXFcxczRX57bxGewbjzKN9uNoF1r0ExR2EoEYyAlKmCSclEUdA+wej/+lltdRqxnhIkJ4DTdamKF24+slTxZmQ=="],

    "@effect/cli": ["@effect/cli@0.61.4", "", { "dependencies": { "ini": "^4.1.3", "toml": "^3.0.0", "yaml": "^2.5.0" }, "peerDependencies": { "@effect/platform": "^0.82.4", "@effect/printer": "^0.43.2", "@effect/printer-ansi": "^0.43.2", "effect": "^3.15.2" } }, "sha512-MZgeRuV0m6SANHIIXc6fbz69XNbYe79gkyCEN2z3Z6+dSwW/yxzY2pSv5zRAaN5bS/BWYfP1wnThQEkQtwtcxw=="],

    "@effect/cluster": ["@effect/cluster@0.34.5", "", { "peerDependencies": { "@effect/platform": "^0.82.8", "@effect/rpc": "^0.59.9", "@effect/sql": "^0.35.8", "effect": "^3.15.4" } }, "sha512-QlXfP8sTTijyw0XQdMFmjIVywqhrbrIuQ64RIazuNdiHkBMLGqkXPerFXdQwaeDeCb8iWy4vAUZSPqThCeHIdw=="],

    "@effect/experimental": ["@effect/experimental@0.46.4", "", { "dependencies": { "uuid": "^11.0.3" }, "peerDependencies": { "@effect/platform": "^0.82.4", "effect": "^3.15.2", "ioredis": "^5", "lmdb": "^3" }, "optionalPeers": ["ioredis", "lmdb"] }, "sha512-jKym3mkV7Z1fK7Kg+Wuv3XnV/DqjSRBNdWFCAz7NHAn8noGccXp3eWVui5JP/7KOZJ9gXj52ESJzkgk9PBy1rw=="],

    "@effect/opentelemetry": ["@effect/opentelemetry@0.48.4", "", { "peerDependencies": { "@effect/platform": "^0.82.4", "@opentelemetry/api": "^1.9", "@opentelemetry/resources": "^2.0.0", "@opentelemetry/sdk-metrics": "^2.0.0", "@opentelemetry/sdk-trace-base": "^2.0.0", "@opentelemetry/sdk-trace-node": "^2.0.0", "@opentelemetry/sdk-trace-web": "^2.0.0", "@opentelemetry/semantic-conventions": "^1.33.0", "effect": "^3.15.2" }, "optionalPeers": ["@opentelemetry/api", "@opentelemetry/resources", "@opentelemetry/sdk-metrics", "@opentelemetry/sdk-trace-base", "@opentelemetry/sdk-trace-node", "@opentelemetry/sdk-trace-web"] }, "sha512-f84T7ZJHLtZKGjyjjJxJReTrLLJTcXw+YFDGpCxB/rt0a1xzX/tcjY37pel3Fu0eL3cR5unmhirTSZZoGzkyAg=="],

    "@effect/platform": ["@effect/platform@0.82.4", "", { "dependencies": { "find-my-way-ts": "^0.1.5", "msgpackr": "^1.11.2", "multipasta": "^0.2.5" }, "peerDependencies": { "effect": "^3.15.2" } }, "sha512-og5DIzx4wz7nIXd/loDfenXvV3c/NT+NDG+YJsi3g6a5Xb6xwrNJuX97sDaV2LJ29G3LroeVJCmYUmfdf/h5Vg=="],

    "@effect/platform-browser": ["@effect/platform-browser@0.62.4", "", { "dependencies": { "multipasta": "^0.2.5" }, "peerDependencies": { "@effect/platform": "^0.82.4", "effect": "^3.15.2" } }, "sha512-3sI8LEFWwtgbXyz2MBlK7yNCm4QYgr5jY6ep7jadBD1drYhujgH0Rz4zClcfMTVrbBEQATH66/lZXEyqOqzm1w=="],

    "@effect/platform-bun": ["@effect/platform-bun@0.65.1", "", { "dependencies": { "@effect/platform-node-shared": "^0.35.1", "multipasta": "^0.2.5" }, "peerDependencies": { "@effect/cluster": "^0.34.1", "@effect/platform": "^0.82.4", "@effect/rpc": "^0.59.5", "@effect/sql": "^0.35.4", "effect": "^3.15.2" } }, "sha512-pt5fUx8Nc4p7YnB6X5CdpgwfGD/uEJKJ1O2Fn7fkDQ7S0BKdewnPn0VeWDIv25xlUqkX0fvJtoFw25aTRtYh8A=="],

    "@effect/platform-node": ["@effect/platform-node@0.81.1", "", { "dependencies": { "@effect/platform-node-shared": "^0.35.1", "mime": "^3.0.0", "undici": "^7.1.0", "ws": "^8.18.0" }, "peerDependencies": { "@effect/cluster": "^0.34.1", "@effect/platform": "^0.82.4", "@effect/rpc": "^0.59.5", "@effect/sql": "^0.35.4", "effect": "^3.15.2" } }, "sha512-Nf+s3HgUKfdndOA3sNzaAqhnuWNyhwTmWQ3VFhNZm660ts7e1axg7VBHuINw3R81U93mLAMwMdaTmOVLKT+/ow=="],

    "@effect/platform-node-shared": ["@effect/platform-node-shared@0.35.5", "", { "dependencies": { "@parcel/watcher": "^2.5.1", "multipasta": "^0.2.5", "ws": "^8.18.2" }, "peerDependencies": { "@effect/cluster": "^0.34.5", "@effect/platform": "^0.82.8", "@effect/rpc": "^0.59.9", "@effect/sql": "^0.35.8", "effect": "^3.15.4" } }, "sha512-F0Hh+aueRxOw2vqo9LNqWh31ch5WBhz0Hp0vYQ8jntjLOsvN5oX/0JbGO4E5BNsMZV5HCraP6I4ACjP3KUnvCQ=="],

    "@effect/printer": ["@effect/printer@0.43.2", "", { "peerDependencies": { "@effect/typeclass": "^0.34.2", "effect": "^3.15.2" } }, "sha512-1NqSWITRlGOL0k1bMG18KLu/EkavcZru4PM7q6mqLumQrHldp0QCfCwMp+h1u8FyG4C1PuHTkmr6xxBsaNX+ZA=="],

    "@effect/printer-ansi": ["@effect/printer-ansi@0.43.2", "", { "dependencies": { "@effect/printer": "^0.43.2" }, "peerDependencies": { "@effect/typeclass": "^0.34.2", "effect": "^3.15.2" } }, "sha512-tvMTWwyLAnmTc4RkOc13lEsE+Xw1/GFVQKUmePnOcNupKaYZqz0d777/PDCG9AmLRXZ9ZExGiOHDjXlNdDwWBA=="],

    "@effect/rpc": ["@effect/rpc@0.59.9", "", { "peerDependencies": { "@effect/platform": "^0.82.8", "effect": "^3.15.4" } }, "sha512-9Nw6YRBbTgsCyVb7/AMCTML7cE6v38cN0I7tP05XAlvKdmCroifaNopDCO7w1C3EPeNBG42nYuYnwU6L0Atnhg=="],

    "@effect/sql": ["@effect/sql@0.35.8", "", { "dependencies": { "@opentelemetry/semantic-conventions": "^1.33.0", "uuid": "^11.0.3" }, "peerDependencies": { "@effect/experimental": "^0.46.8", "@effect/platform": "^0.82.8", "effect": "^3.15.4" } }, "sha512-M1x6XMWkIHMY7iHbZgHVpq1jhhX+oFBN5LcL7Oc7cy3h2rtWf9VH2WvC2ivc2gscoKSpITlxEhGNHDFy9YrCSw=="],

    "@effect/typeclass": ["@effect/typeclass@0.34.2", "", { "peerDependencies": { "effect": "^3.15.2" } }, "sha512-ZxBux2HoYi4TLDkNAKppUJjceFAS+Q4qAe4lZw80dFFXqqd+61CVzALMyzayK57qTma0IihOQHX7kbyuZ7MMLA=="],

    "@esbuild/aix-ppc64": ["@esbuild/aix-ppc64@0.25.10", "", { "os": "aix", "cpu": "ppc64" }, "sha512-0NFWnA+7l41irNuaSVlLfgNT12caWJVLzp5eAVhZ0z1qpxbockccEt3s+149rE64VUI3Ml2zt8Nv5JVc4QXTsw=="],

    "@esbuild/android-arm": ["@esbuild/android-arm@0.25.10", "", { "os": "android", "cpu": "arm" }, "sha512-dQAxF1dW1C3zpeCDc5KqIYuZ1tgAdRXNoZP7vkBIRtKZPYe2xVr/d3SkirklCHudW1B45tGiUlz2pUWDfbDD4w=="],

    "@esbuild/android-arm64": ["@esbuild/android-arm64@0.25.10", "", { "os": "android", "cpu": "arm64" }, "sha512-LSQa7eDahypv/VO6WKohZGPSJDq5OVOo3UoFR1E4t4Gj1W7zEQMUhI+lo81H+DtB+kP+tDgBp+M4oNCwp6kffg=="],

    "@esbuild/android-x64": ["@esbuild/android-x64@0.25.10", "", { "os": "android", "cpu": "x64" }, "sha512-MiC9CWdPrfhibcXwr39p9ha1x0lZJ9KaVfvzA0Wxwz9ETX4v5CHfF09bx935nHlhi+MxhA63dKRRQLiVgSUtEg=="],

    "@esbuild/darwin-arm64": ["@esbuild/darwin-arm64@0.25.10", "", { "os": "darwin", "cpu": "arm64" }, "sha512-JC74bdXcQEpW9KkV326WpZZjLguSZ3DfS8wrrvPMHgQOIEIG/sPXEN/V8IssoJhbefLRcRqw6RQH2NnpdprtMA=="],

    "@esbuild/darwin-x64": ["@esbuild/darwin-x64@0.25.10", "", { "os": "darwin", "cpu": "x64" }, "sha512-tguWg1olF6DGqzws97pKZ8G2L7Ig1vjDmGTwcTuYHbuU6TTjJe5FXbgs5C1BBzHbJ2bo1m3WkQDbWO2PvamRcg=="],

    "@esbuild/freebsd-arm64": ["@esbuild/freebsd-arm64@0.25.10", "", { "os": "freebsd", "cpu": "arm64" }, "sha512-3ZioSQSg1HT2N05YxeJWYR+Libe3bREVSdWhEEgExWaDtyFbbXWb49QgPvFH8u03vUPX10JhJPcz7s9t9+boWg=="],

    "@esbuild/freebsd-x64": ["@esbuild/freebsd-x64@0.25.10", "", { "os": "freebsd", "cpu": "x64" }, "sha512-LLgJfHJk014Aa4anGDbh8bmI5Lk+QidDmGzuC2D+vP7mv/GeSN+H39zOf7pN5N8p059FcOfs2bVlrRr4SK9WxA=="],

    "@esbuild/linux-arm": ["@esbuild/linux-arm@0.25.10", "", { "os": "linux", "cpu": "arm" }, "sha512-oR31GtBTFYCqEBALI9r6WxoU/ZofZl962pouZRTEYECvNF/dtXKku8YXcJkhgK/beU+zedXfIzHijSRapJY3vg=="],

    "@esbuild/linux-arm64": ["@esbuild/linux-arm64@0.25.10", "", { "os": "linux", "cpu": "arm64" }, "sha512-5luJWN6YKBsawd5f9i4+c+geYiVEw20FVW5x0v1kEMWNq8UctFjDiMATBxLvmmHA4bf7F6hTRaJgtghFr9iziQ=="],

    "@esbuild/linux-ia32": ["@esbuild/linux-ia32@0.25.10", "", { "os": "linux", "cpu": "ia32" }, "sha512-NrSCx2Kim3EnnWgS4Txn0QGt0Xipoumb6z6sUtl5bOEZIVKhzfyp/Lyw4C1DIYvzeW/5mWYPBFJU3a/8Yr75DQ=="],

    "@esbuild/linux-loong64": ["@esbuild/linux-loong64@0.25.10", "", { "os": "linux", "cpu": "none" }, "sha512-xoSphrd4AZda8+rUDDfD9J6FUMjrkTz8itpTITM4/xgerAZZcFW7Dv+sun7333IfKxGG8gAq+3NbfEMJfiY+Eg=="],

    "@esbuild/linux-mips64el": ["@esbuild/linux-mips64el@0.25.10", "", { "os": "linux", "cpu": "none" }, "sha512-ab6eiuCwoMmYDyTnyptoKkVS3k8fy/1Uvq7Dj5czXI6DF2GqD2ToInBI0SHOp5/X1BdZ26RKc5+qjQNGRBelRA=="],

    "@esbuild/linux-ppc64": ["@esbuild/linux-ppc64@0.25.10", "", { "os": "linux", "cpu": "ppc64" }, "sha512-NLinzzOgZQsGpsTkEbdJTCanwA5/wozN9dSgEl12haXJBzMTpssebuXR42bthOF3z7zXFWH1AmvWunUCkBE4EA=="],

    "@esbuild/linux-riscv64": ["@esbuild/linux-riscv64@0.25.10", "", { "os": "linux", "cpu": "none" }, "sha512-FE557XdZDrtX8NMIeA8LBJX3dC2M8VGXwfrQWU7LB5SLOajfJIxmSdyL/gU1m64Zs9CBKvm4UAuBp5aJ8OgnrA=="],

    "@esbuild/linux-s390x": ["@esbuild/linux-s390x@0.25.10", "", { "os": "linux", "cpu": "s390x" }, "sha512-3BBSbgzuB9ajLoVZk0mGu+EHlBwkusRmeNYdqmznmMc9zGASFjSsxgkNsqmXugpPk00gJ0JNKh/97nxmjctdew=="],

    "@esbuild/linux-x64": ["@esbuild/linux-x64@0.25.10", "", { "os": "linux", "cpu": "x64" }, "sha512-QSX81KhFoZGwenVyPoberggdW1nrQZSvfVDAIUXr3WqLRZGZqWk/P4T8p2SP+de2Sr5HPcvjhcJzEiulKgnxtA=="],

    "@esbuild/netbsd-arm64": ["@esbuild/netbsd-arm64@0.25.10", "", { "os": "none", "cpu": "arm64" }, "sha512-AKQM3gfYfSW8XRk8DdMCzaLUFB15dTrZfnX8WXQoOUpUBQ+NaAFCP1kPS/ykbbGYz7rxn0WS48/81l9hFl3u4A=="],

    "@esbuild/netbsd-x64": ["@esbuild/netbsd-x64@0.25.10", "", { "os": "none", "cpu": "x64" }, "sha512-7RTytDPGU6fek/hWuN9qQpeGPBZFfB4zZgcz2VK2Z5VpdUxEI8JKYsg3JfO0n/Z1E/6l05n0unDCNc4HnhQGig=="],

    "@esbuild/openbsd-arm64": ["@esbuild/openbsd-arm64@0.25.10", "", { "os": "openbsd", "cpu": "arm64" }, "sha512-5Se0VM9Wtq797YFn+dLimf2Zx6McttsH2olUBsDml+lm0GOCRVebRWUvDtkY4BWYv/3NgzS8b/UM3jQNh5hYyw=="],

    "@esbuild/openbsd-x64": ["@esbuild/openbsd-x64@0.25.10", "", { "os": "openbsd", "cpu": "x64" }, "sha512-XkA4frq1TLj4bEMB+2HnI0+4RnjbuGZfet2gs/LNs5Hc7D89ZQBHQ0gL2ND6Lzu1+QVkjp3x1gIcPKzRNP8bXw=="],

    "@esbuild/openharmony-arm64": ["@esbuild/openharmony-arm64@0.25.10", "", { "os": "none", "cpu": "arm64" }, "sha512-AVTSBhTX8Y/Fz6OmIVBip9tJzZEUcY8WLh7I59+upa5/GPhh2/aM6bvOMQySspnCCHvFi79kMtdJS1w0DXAeag=="],

    "@esbuild/sunos-x64": ["@esbuild/sunos-x64@0.25.10", "", { "os": "sunos", "cpu": "x64" }, "sha512-fswk3XT0Uf2pGJmOpDB7yknqhVkJQkAQOcW/ccVOtfx05LkbWOaRAtn5SaqXypeKQra1QaEa841PgrSL9ubSPQ=="],

    "@esbuild/win32-arm64": ["@esbuild/win32-arm64@0.25.10", "", { "os": "win32", "cpu": "arm64" }, "sha512-ah+9b59KDTSfpaCg6VdJoOQvKjI33nTaQr4UluQwW7aEwZQsbMCfTmfEO4VyewOxx4RaDT/xCy9ra2GPWmO7Kw=="],

    "@esbuild/win32-ia32": ["@esbuild/win32-ia32@0.25.10", "", { "os": "win32", "cpu": "ia32" }, "sha512-QHPDbKkrGO8/cz9LKVnJU22HOi4pxZnZhhA2HYHez5Pz4JeffhDjf85E57Oyco163GnzNCVkZK0b/n4Y0UHcSw=="],

    "@esbuild/win32-x64": ["@esbuild/win32-x64@0.25.10", "", { "os": "win32", "cpu": "x64" }, "sha512-9KpxSVFCu0iK1owoez6aC/s/EdUQLDN3adTxGCqxMVhrPDj6bt5dbrHDXUuq+Bs2vATFBBrQS5vdQ/Ed2P+nbw=="],

    "@livestore/adapter-web": ["@livestore/adapter-web@0.3.1", "", { "dependencies": { "@livestore/common": "0.3.1", "@livestore/devtools-web-common": "0.3.1", "@livestore/sqlite-wasm": "0.3.1", "@livestore/utils": "0.3.1", "@livestore/webmesh": "0.3.1", "@opentelemetry/api": "1.9.0" } }, "sha512-0ZKTam+C3KeG5qiiTLFOgoMhdUBCENmuaMwxoj7WOtA2c4eKyqIy+P/1zga+az0XqaMJoG5FVszWhWMUMzNjtQ=="],

    "@livestore/common": ["@livestore/common@0.3.1", "", { "dependencies": { "@livestore/utils": "0.3.1", "@livestore/webmesh": "0.3.1", "@opentelemetry/api": "1.9.0", "graphology": "0.26.0-alpha1", "graphology-dag": "0.4.1", "graphology-types": "0.24.8" } }, "sha512-D44ia+zVH8EF0TWGUp0GQnCVvCsGKgKD/ryFl+kx607/l7GDUSagNnWkRmMwhhshJSJblQwouhA9fwjDNTBB2g=="],

    "@livestore/devtools-vite": ["@livestore/devtools-vite@0.3.1", "", { "dependencies": { "@livestore/adapter-web": "0.3.1", "@livestore/utils": "0.3.1", "vite": "*" } }, "sha512-7d4dxI1jkNtMRNxfnj7WVFIg+z5+M1FxTCUw4XrtHYeJGd7qy3GOJ/75D0lU12OQ7EbY/qSVnoU7++SkSEjMFA=="],

    "@livestore/devtools-web-common": ["@livestore/devtools-web-common@0.3.1", "", { "dependencies": { "@livestore/common": "0.3.1", "@livestore/utils": "0.3.1", "@livestore/webmesh": "0.3.1" } }, "sha512-jU7IvebelTtvSTQ2zKNzSm5qZodwUiPsNsDURsY5Yw0DXpafcfpRobs/WYd+Wd4Q1E4oFaK05hPfWZGbVFdw7Q=="],

    "@livestore/livestore": ["@livestore/livestore@0.3.1", "", { "dependencies": { "@livestore/common": "0.3.1", "@livestore/utils": "0.3.1", "@opentelemetry/api": "1.9.0" } }, "sha512-imw1JK5i82yTmSC4PRoZ1gUiG39jasR49c5TPQI/MCIFSbgqcKS0x1IPoB8js6tlPoVm+iH7p4JTAQKYC2q3Pg=="],

    "@livestore/peer-deps": ["@livestore/peer-deps@0.3.1", "", { "dependencies": { "@effect/cli": "0.61.4", "@effect/experimental": "0.46.4", "@effect/opentelemetry": "0.48.4", "@effect/platform": "0.82.4", "@effect/platform-browser": "0.62.4", "@effect/platform-bun": "0.65.1", "@effect/platform-node": "0.81.1", "@effect/printer": "0.43.2", "@effect/printer-ansi": "0.43.2", "@effect/typeclass": "0.34.2", "@opentelemetry/api": "1.9.0", "@opentelemetry/resources": "2.0.0", "effect": "3.15.2" } }, "sha512-AbcWP5daWmUzXdk1dSACHTwKmgc6r1WTgDED+Aeo+7yyMEZq4Rpa9gasbclTnumnP16aAPXZMDHm8W6hGYQ4lA=="],

    "@livestore/sqlite-wasm": ["@livestore/sqlite-wasm@0.3.1", "", { "dependencies": { "@livestore/common": "0.3.1", "@livestore/utils": "0.3.1", "@livestore/wa-sqlite": "1.0.5-dev.2" } }, "sha512-+JLIwpd2N214LmwlUX6arYnJ5IhvSi4Fn3Jk6E6fNfuUU4tczcL1PtgfIX2IoiPhn9QDG0YJVdJBT6KYi1uMyg=="],

    "@livestore/sync-cf": ["@livestore/sync-cf@0.3.1", "", { "dependencies": { "@livestore/common": "0.3.1", "@livestore/utils": "0.3.1" } }, "sha512-Vopen/K5/MRr4va/3u19cGLFslJs/fqtr5C2MhEOy080uYcClEWUDxyHh/Oec9wx4ZsbC0WKfTiUVN48DjHo/A=="],

    "@livestore/utils": ["@livestore/utils@0.3.1", "", { "dependencies": { "@standard-schema/spec": "1.0.0", "msgpackr": "1.11.2", "nanoid": "5.1.3", "pretty-bytes": "6.1.1" }, "peerDependencies": { "@effect/cli": "~0.61.4", "@effect/cluster": "~0.34.1", "@effect/experimental": "~0.46.4", "@effect/opentelemetry": "~0.48.4", "@effect/platform": "~0.82.4", "@effect/platform-browser": "~0.62.4", "@effect/platform-bun": "~0.65.1", "@effect/platform-node": "~0.81.1", "@effect/printer": "~0.43.2", "@effect/printer-ansi": "~0.43.2", "@effect/rpc": "~0.59.5", "@effect/sql": "~0.35.4", "@effect/typeclass": "~0.34.2", "@opentelemetry/api": "~1.9.0", "@opentelemetry/resources": "~2.0.0", "effect": "~3.15.2" } }, "sha512-DFgrKpVIu/Nn9GE0QG2uitrFLF63aIiV5rencAk3kigNPzq4iBao05wvT/JVqgRxxiM7F1SuAZYogwM4QdpcDA=="],

    "@livestore/wa-sqlite": ["@livestore/wa-sqlite@1.0.5-dev.2", "", {}, "sha512-i7tKFEp0m3+4tGLV9Z5eAr/3RZPuNOyuf4NaQ/ygF2KwzlHc3TnqouPuE2sMH06r3soXIilWYND/x0eT8x6D6Q=="],

    "@livestore/webmesh": ["@livestore/webmesh@0.3.1", "", { "dependencies": { "@livestore/utils": "0.3.1" } }, "sha512-JLYFgiOf1r7xqN7SkwdHNZdZ+geQlEdC9rg81DeC839vqqshA5TEhh045dhEkeyVJZqeg44vX5adUX6FOkhTfg=="],

    "@msgpackr-extract/msgpackr-extract-darwin-arm64": ["@msgpackr-extract/msgpackr-extract-darwin-arm64@3.0.3", "", { "os": "darwin", "cpu": "arm64" }, "sha512-QZHtlVgbAdy2zAqNA9Gu1UpIuI8Xvsd1v8ic6B2pZmeFnFcMWiPLfWXh7TVw4eGEZ/C9TH281KwhVoeQUKbyjw=="],

    "@msgpackr-extract/msgpackr-extract-darwin-x64": ["@msgpackr-extract/msgpackr-extract-darwin-x64@3.0.3", "", { "os": "darwin", "cpu": "x64" }, "sha512-mdzd3AVzYKuUmiWOQ8GNhl64/IoFGol569zNRdkLReh6LRLHOXxU4U8eq0JwaD8iFHdVGqSy4IjFL4reoWCDFw=="],

    "@msgpackr-extract/msgpackr-extract-linux-arm": ["@msgpackr-extract/msgpackr-extract-linux-arm@3.0.3", "", { "os": "linux", "cpu": "arm" }, "sha512-fg0uy/dG/nZEXfYilKoRe7yALaNmHoYeIoJuJ7KJ+YyU2bvY8vPv27f7UKhGRpY6euFYqEVhxCFZgAUNQBM3nw=="],

    "@msgpackr-extract/msgpackr-extract-linux-arm64": ["@msgpackr-extract/msgpackr-extract-linux-arm64@3.0.3", "", { "os": "linux", "cpu": "arm64" }, "sha512-YxQL+ax0XqBJDZiKimS2XQaf+2wDGVa1enVRGzEvLLVFeqa5kx2bWbtcSXgsxjQB7nRqqIGFIcLteF/sHeVtQg=="],

    "@msgpackr-extract/msgpackr-extract-linux-x64": ["@msgpackr-extract/msgpackr-extract-linux-x64@3.0.3", "", { "os": "linux", "cpu": "x64" }, "sha512-cvwNfbP07pKUfq1uH+S6KJ7dT9K8WOE4ZiAcsrSes+UY55E/0jLYc+vq+DO7jlmqRb5zAggExKm0H7O/CBaesg=="],

    "@msgpackr-extract/msgpackr-extract-win32-x64": ["@msgpackr-extract/msgpackr-extract-win32-x64@3.0.3", "", { "os": "win32", "cpu": "x64" }, "sha512-x0fWaQtYp4E6sktbsdAqnehxDgEc/VwM7uLsRCYWaiGu0ykYdZPiS8zCWdnjHwyiumousxfBm4SO31eXqwEZhQ=="],

    "@opentelemetry/api": ["@opentelemetry/api@1.9.0", "", {}, "sha512-3giAOQvZiH5F9bMlMiv8+GSPMeqg0dbaeo58/0SlA9sxSqZhnUtxzX9/2FzyhS9sWQf5S0GJE0AKBrFqjpeYcg=="],

    "@opentelemetry/core": ["@opentelemetry/core@2.0.0", "", { "dependencies": { "@opentelemetry/semantic-conventions": "^1.29.0" }, "peerDependencies": { "@opentelemetry/api": ">=1.0.0 <1.10.0" } }, "sha512-SLX36allrcnVaPYG3R78F/UZZsBsvbc7lMCLx37LyH5MJ1KAAZ2E3mW9OAD3zGz0G8q/BtoS5VUrjzDydhD6LQ=="],

    "@opentelemetry/resources": ["@opentelemetry/resources@2.0.0", "", { "dependencies": { "@opentelemetry/core": "2.0.0", "@opentelemetry/semantic-conventions": "^1.29.0" }, "peerDependencies": { "@opentelemetry/api": ">=1.3.0 <1.10.0" } }, "sha512-rnZr6dML2z4IARI4zPGQV4arDikF/9OXZQzrC01dLmn0CZxU5U5OLd/m1T7YkGRj5UitjeoCtg/zorlgMQcdTg=="],

    "@opentelemetry/semantic-conventions": ["@opentelemetry/semantic-conventions@1.37.0", "", {}, "sha512-JD6DerIKdJGmRp4jQyX5FlrQjA4tjOw1cvfsPAZXfOOEErMUHjPcPSICS+6WnM0nB0efSFARh0KAZss+bvExOA=="],

    "@parcel/watcher": ["@parcel/watcher@2.5.1", "", { "dependencies": { "detect-libc": "^1.0.3", "is-glob": "^4.0.3", "micromatch": "^4.0.5", "node-addon-api": "^7.0.0" }, "optionalDependencies": { "@parcel/watcher-android-arm64": "2.5.1", "@parcel/watcher-darwin-arm64": "2.5.1", "@parcel/watcher-darwin-x64": "2.5.1", "@parcel/watcher-freebsd-x64": "2.5.1", "@parcel/watcher-linux-arm-glibc": "2.5.1", "@parcel/watcher-linux-arm-musl": "2.5.1", "@parcel/watcher-linux-arm64-glibc": "2.5.1", "@parcel/watcher-linux-arm64-musl": "2.5.1", "@parcel/watcher-linux-x64-glibc": "2.5.1", "@parcel/watcher-linux-x64-musl": "2.5.1", "@parcel/watcher-win32-arm64": "2.5.1", "@parcel/watcher-win32-ia32": "2.5.1", "@parcel/watcher-win32-x64": "2.5.1" } }, "sha512-dfUnCxiN9H4ap84DvD2ubjw+3vUNpstxa0TneY/Paat8a3R4uQZDLSvWjmznAY/DoahqTHl9V46HF/Zs3F29pg=="],

    "@parcel/watcher-android-arm64": ["@parcel/watcher-android-arm64@2.5.1", "", { "os": "android", "cpu": "arm64" }, "sha512-KF8+j9nNbUN8vzOFDpRMsaKBHZ/mcjEjMToVMJOhTozkDonQFFrRcfdLWn6yWKCmJKmdVxSgHiYvTCef4/qcBA=="],

    "@parcel/watcher-darwin-arm64": ["@parcel/watcher-darwin-arm64@2.5.1", "", { "os": "darwin", "cpu": "arm64" }, "sha512-eAzPv5osDmZyBhou8PoF4i6RQXAfeKL9tjb3QzYuccXFMQU0ruIc/POh30ePnaOyD1UXdlKguHBmsTs53tVoPw=="],

    "@parcel/watcher-darwin-x64": ["@parcel/watcher-darwin-x64@2.5.1", "", { "os": "darwin", "cpu": "x64" }, "sha512-1ZXDthrnNmwv10A0/3AJNZ9JGlzrF82i3gNQcWOzd7nJ8aj+ILyW1MTxVk35Db0u91oD5Nlk9MBiujMlwmeXZg=="],

    "@parcel/watcher-freebsd-x64": ["@parcel/watcher-freebsd-x64@2.5.1", "", { "os": "freebsd", "cpu": "x64" }, "sha512-SI4eljM7Flp9yPuKi8W0ird8TI/JK6CSxju3NojVI6BjHsTyK7zxA9urjVjEKJ5MBYC+bLmMcbAWlZ+rFkLpJQ=="],

    "@parcel/watcher-linux-arm-glibc": ["@parcel/watcher-linux-arm-glibc@2.5.1", "", { "os": "linux", "cpu": "arm" }, "sha512-RCdZlEyTs8geyBkkcnPWvtXLY44BCeZKmGYRtSgtwwnHR4dxfHRG3gR99XdMEdQ7KeiDdasJwwvNSF5jKtDwdA=="],

    "@parcel/watcher-linux-arm-musl": ["@parcel/watcher-linux-arm-musl@2.5.1", "", { "os": "linux", "cpu": "arm" }, "sha512-6E+m/Mm1t1yhB8X412stiKFG3XykmgdIOqhjWj+VL8oHkKABfu/gjFj8DvLrYVHSBNC+/u5PeNrujiSQ1zwd1Q=="],

    "@parcel/watcher-linux-arm64-glibc": ["@parcel/watcher-linux-arm64-glibc@2.5.1", "", { "os": "linux", "cpu": "arm64" }, "sha512-LrGp+f02yU3BN9A+DGuY3v3bmnFUggAITBGriZHUREfNEzZh/GO06FF5u2kx8x+GBEUYfyTGamol4j3m9ANe8w=="],

    "@parcel/watcher-linux-arm64-musl": ["@parcel/watcher-linux-arm64-musl@2.5.1", "", { "os": "linux", "cpu": "arm64" }, "sha512-cFOjABi92pMYRXS7AcQv9/M1YuKRw8SZniCDw0ssQb/noPkRzA+HBDkwmyOJYp5wXcsTrhxO0zq1U11cK9jsFg=="],

    "@parcel/watcher-linux-x64-glibc": ["@parcel/watcher-linux-x64-glibc@2.5.1", "", { "os": "linux", "cpu": "x64" }, "sha512-GcESn8NZySmfwlTsIur+49yDqSny2IhPeZfXunQi48DMugKeZ7uy1FX83pO0X22sHntJ4Ub+9k34XQCX+oHt2A=="],

    "@parcel/watcher-linux-x64-musl": ["@parcel/watcher-linux-x64-musl@2.5.1", "", { "os": "linux", "cpu": "x64" }, "sha512-n0E2EQbatQ3bXhcH2D1XIAANAcTZkQICBPVaxMeaCVBtOpBZpWJuf7LwyWPSBDITb7In8mqQgJ7gH8CILCURXg=="],

    "@parcel/watcher-win32-arm64": ["@parcel/watcher-win32-arm64@2.5.1", "", { "os": "win32", "cpu": "arm64" }, "sha512-RFzklRvmc3PkjKjry3hLF9wD7ppR4AKcWNzH7kXR7GUe0Igb3Nz8fyPwtZCSquGrhU5HhUNDr/mKBqj7tqA2Vw=="],

    "@parcel/watcher-win32-ia32": ["@parcel/watcher-win32-ia32@2.5.1", "", { "os": "win32", "cpu": "ia32" }, "sha512-c2KkcVN+NJmuA7CGlaGD1qJh1cLfDnQsHjE89E60vUEMlqduHGCdCLJCID5geFVM0dOtA3ZiIO8BoEQmzQVfpQ=="],

    "@parcel/watcher-win32-x64": ["@parcel/watcher-win32-x64@2.5.1", "", { "os": "win32", "cpu": "x64" }, "sha512-9lHBdJITeNR++EvSQVUcaZoWupyHfXe1jZvGZ06O/5MflPcuPLtEphScIBL+AiCWBO46tDSHzWyD0uDmmZqsgA=="],

    "@rollup/rollup-android-arm-eabi": ["@rollup/rollup-android-arm-eabi@4.52.3", "", { "os": "android", "cpu": "arm" }, "sha512-h6cqHGZ6VdnwliFG1NXvMPTy/9PS3h8oLh7ImwR+kl+oYnQizgjxsONmmPSb2C66RksfkfIxEVtDSEcJiO0tqw=="],

    "@rollup/rollup-android-arm64": ["@rollup/rollup-android-arm64@4.52.3", "", { "os": "android", "cpu": "arm64" }, "sha512-wd+u7SLT/u6knklV/ifG7gr5Qy4GUbH2hMWcDauPFJzmCZUAJ8L2bTkVXC2niOIxp8lk3iH/QX8kSrUxVZrOVw=="],

    "@rollup/rollup-darwin-arm64": ["@rollup/rollup-darwin-arm64@4.52.3", "", { "os": "darwin", "cpu": "arm64" }, "sha512-lj9ViATR1SsqycwFkJCtYfQTheBdvlWJqzqxwc9f2qrcVrQaF/gCuBRTiTolkRWS6KvNxSk4KHZWG7tDktLgjg=="],

    "@rollup/rollup-darwin-x64": ["@rollup/rollup-darwin-x64@4.52.3", "", { "os": "darwin", "cpu": "x64" }, "sha512-+Dyo7O1KUmIsbzx1l+4V4tvEVnVQqMOIYtrxK7ncLSknl1xnMHLgn7gddJVrYPNZfEB8CIi3hK8gq8bDhb3h5A=="],

    "@rollup/rollup-freebsd-arm64": ["@rollup/rollup-freebsd-arm64@4.52.3", "", { "os": "freebsd", "cpu": "arm64" }, "sha512-u9Xg2FavYbD30g3DSfNhxgNrxhi6xVG4Y6i9Ur1C7xUuGDW3banRbXj+qgnIrwRN4KeJ396jchwy9bCIzbyBEQ=="],

    "@rollup/rollup-freebsd-x64": ["@rollup/rollup-freebsd-x64@4.52.3", "", { "os": "freebsd", "cpu": "x64" }, "sha512-5M8kyi/OX96wtD5qJR89a/3x5x8x5inXBZO04JWhkQb2JWavOWfjgkdvUqibGJeNNaz1/Z1PPza5/tAPXICI6A=="],

    "@rollup/rollup-linux-arm-gnueabihf": ["@rollup/rollup-linux-arm-gnueabihf@4.52.3", "", { "os": "linux", "cpu": "arm" }, "sha512-IoerZJ4l1wRMopEHRKOO16e04iXRDyZFZnNZKrWeNquh5d6bucjezgd+OxG03mOMTnS1x7hilzb3uURPkJ0OfA=="],

    "@rollup/rollup-linux-arm-musleabihf": ["@rollup/rollup-linux-arm-musleabihf@4.52.3", "", { "os": "linux", "cpu": "arm" }, "sha512-ZYdtqgHTDfvrJHSh3W22TvjWxwOgc3ThK/XjgcNGP2DIwFIPeAPNsQxrJO5XqleSlgDux2VAoWQ5iJrtaC1TbA=="],

    "@rollup/rollup-linux-arm64-gnu": ["@rollup/rollup-linux-arm64-gnu@4.52.3", "", { "os": "linux", "cpu": "arm64" }, "sha512-NcViG7A0YtuFDA6xWSgmFb6iPFzHlf5vcqb2p0lGEbT+gjrEEz8nC/EeDHvx6mnGXnGCC1SeVV+8u+smj0CeGQ=="],

    "@rollup/rollup-linux-arm64-musl": ["@rollup/rollup-linux-arm64-musl@4.52.3", "", { "os": "linux", "cpu": "arm64" }, "sha512-d3pY7LWno6SYNXRm6Ebsq0DJGoiLXTb83AIPCXl9fmtIQs/rXoS8SJxxUNtFbJ5MiOvs+7y34np77+9l4nfFMw=="],

    "@rollup/rollup-linux-loong64-gnu": ["@rollup/rollup-linux-loong64-gnu@4.52.3", "", { "os": "linux", "cpu": "none" }, "sha512-3y5GA0JkBuirLqmjwAKwB0keDlI6JfGYduMlJD/Rl7fvb4Ni8iKdQs1eiunMZJhwDWdCvrcqXRY++VEBbvk6Eg=="],

    "@rollup/rollup-linux-ppc64-gnu": ["@rollup/rollup-linux-ppc64-gnu@4.52.3", "", { "os": "linux", "cpu": "ppc64" }, "sha512-AUUH65a0p3Q0Yfm5oD2KVgzTKgwPyp9DSXc3UA7DtxhEb/WSPfbG4wqXeSN62OG5gSo18em4xv6dbfcUGXcagw=="],

    "@rollup/rollup-linux-riscv64-gnu": ["@rollup/rollup-linux-riscv64-gnu@4.52.3", "", { "os": "linux", "cpu": "none" }, "sha512-1makPhFFVBqZE+XFg3Dkq+IkQ7JvmUrwwqaYBL2CE+ZpxPaqkGaiWFEWVGyvTwZace6WLJHwjVh/+CXbKDGPmg=="],

    "@rollup/rollup-linux-riscv64-musl": ["@rollup/rollup-linux-riscv64-musl@4.52.3", "", { "os": "linux", "cpu": "none" }, "sha512-OOFJa28dxfl8kLOPMUOQBCO6z3X2SAfzIE276fwT52uXDWUS178KWq0pL7d6p1kz7pkzA0yQwtqL0dEPoVcRWg=="],

    "@rollup/rollup-linux-s390x-gnu": ["@rollup/rollup-linux-s390x-gnu@4.52.3", "", { "os": "linux", "cpu": "s390x" }, "sha512-jMdsML2VI5l+V7cKfZx3ak+SLlJ8fKvLJ0Eoa4b9/vCUrzXKgoKxvHqvJ/mkWhFiyp88nCkM5S2v6nIwRtPcgg=="],

    "@rollup/rollup-linux-x64-gnu": ["@rollup/rollup-linux-x64-gnu@4.52.3", "", { "os": "linux", "cpu": "x64" }, "sha512-tPgGd6bY2M2LJTA1uGq8fkSPK8ZLYjDjY+ZLK9WHncCnfIz29LIXIqUgzCR0hIefzy6Hpbe8Th5WOSwTM8E7LA=="],

    "@rollup/rollup-linux-x64-musl": ["@rollup/rollup-linux-x64-musl@4.52.3", "", { "os": "linux", "cpu": "x64" }, "sha512-BCFkJjgk+WFzP+tcSMXq77ymAPIxsX9lFJWs+2JzuZTLtksJ2o5hvgTdIcZ5+oKzUDMwI0PfWzRBYAydAHF2Mw=="],

    "@rollup/rollup-openharmony-arm64": ["@rollup/rollup-openharmony-arm64@4.52.3", "", { "os": "none", "cpu": "arm64" }, "sha512-KTD/EqjZF3yvRaWUJdD1cW+IQBk4fbQaHYJUmP8N4XoKFZilVL8cobFSTDnjTtxWJQ3JYaMgF4nObY/+nYkumA=="],

    "@rollup/rollup-win32-arm64-msvc": ["@rollup/rollup-win32-arm64-msvc@4.52.3", "", { "os": "win32", "cpu": "arm64" }, "sha512-+zteHZdoUYLkyYKObGHieibUFLbttX2r+58l27XZauq0tcWYYuKUwY2wjeCN9oK1Um2YgH2ibd6cnX/wFD7DuA=="],

    "@rollup/rollup-win32-ia32-msvc": ["@rollup/rollup-win32-ia32-msvc@4.52.3", "", { "os": "win32", "cpu": "ia32" }, "sha512-of1iHkTQSo3kr6dTIRX6t81uj/c/b15HXVsPcEElN5sS859qHrOepM5p9G41Hah+CTqSh2r8Bm56dL2z9UQQ7g=="],

    "@rollup/rollup-win32-x64-gnu": ["@rollup/rollup-win32-x64-gnu@4.52.3", "", { "os": "win32", "cpu": "x64" }, "sha512-s0hybmlHb56mWVZQj8ra9048/WZTPLILKxcvcq+8awSZmyiSUZjjem1AhU3Tf4ZKpYhK4mg36HtHDOe8QJS5PQ=="],

    "@rollup/rollup-win32-x64-msvc": ["@rollup/rollup-win32-x64-msvc@4.52.3", "", { "os": "win32", "cpu": "x64" }, "sha512-zGIbEVVXVtauFgl3MRwGWEN36P5ZGenHRMgNw88X5wEhEBpq0XrMEZwOn07+ICrwM17XO5xfMZqh0OldCH5VTA=="],

    "@standard-schema/spec": ["@standard-schema/spec@1.0.0", "", {}, "sha512-m2bOd0f2RT9k8QJx1JN85cZYyH1RqFBdlwtkSlf4tBDYLCiiZnv1fIIwacK6cqwXavOydf0NPToMQgpKq+dVlA=="],

    "@types/estree": ["@types/estree@1.0.8", "", {}, "sha512-dWHzHa2WqEXI/O1E9OjrocMTKJl2mSrEolh1Iomrv6U+JuNwaHXsXx9bLu5gG7BUWFIN0skIQJQ/L1rIex4X6w=="],

    "@types/node": ["@types/node@24.5.2", "", { "dependencies": { "undici-types": "~7.12.0" } }, "sha512-FYxk1I7wPv3K2XBaoyH2cTnocQEu8AOZ60hPbsyukMPLv5/5qr7V1i8PLHdl6Zf87I+xZXFvPCXYjiTFq+YSDQ=="],

    "braces": ["braces@3.0.3", "", { "dependencies": { "fill-range": "^7.1.1" } }, "sha512-yQbXgO/OSZVD2IsiLlro+7Hf6Q18EJrKSEsdoMzKePKXct3gvD8oLcOQdIzGupr5Fj+EDe8gO/lxc1BzfMpxvA=="],

    "csstype": ["csstype@3.1.3", "", {}, "sha512-M1uQkMl8rQK/szD0LNhtqxIPLpimGm8sOBwU7lLnCpSbTyY3yeU1Vc7l4KT5zT4s/yOxHH5O7tIuuLOCnLADRw=="],

    "detect-libc": ["detect-libc@1.0.3", "", { "bin": { "detect-libc": "./bin/detect-libc.js" } }, "sha512-pGjwhsmsp4kL2RTz08wcOlGN83otlqHeD/Z5T8GXZB+/YcpQ/dgo+lbU8ZsGxV0HIvqqxo9l7mqYwyYMD9bKDg=="],

    "effect": ["effect@3.15.2", "", { "dependencies": { "@standard-schema/spec": "^1.0.0", "fast-check": "^3.23.1" } }, "sha512-0JNwvfs4Wwbo3f6IOydBFlp+zxuO8Iny2UAWNW3+FNn9x8FJf7q67QnQagUZgPl/BLl/xuPLVksrmNyIrJ8k/Q=="],

    "esbuild": ["esbuild@0.25.10", "", { "optionalDependencies": { "@esbuild/aix-ppc64": "0.25.10", "@esbuild/android-arm": "0.25.10", "@esbuild/android-arm64": "0.25.10", "@esbuild/android-x64": "0.25.10", "@esbuild/darwin-arm64": "0.25.10", "@esbuild/darwin-x64": "0.25.10", "@esbuild/freebsd-arm64": "0.25.10", "@esbuild/freebsd-x64": "0.25.10", "@esbuild/linux-arm": "0.25.10", "@esbuild/linux-arm64": "0.25.10", "@esbuild/linux-ia32": "0.25.10", "@esbuild/linux-loong64": "0.25.10", "@esbuild/linux-mips64el": "0.25.10", "@esbuild/linux-ppc64": "0.25.10", "@esbuild/linux-riscv64": "0.25.10", "@esbuild/linux-s390x": "0.25.10", "@esbuild/linux-x64": "0.25.10", "@esbuild/netbsd-arm64": "0.25.10", "@esbuild/netbsd-x64": "0.25.10", "@esbuild/openbsd-arm64": "0.25.10", "@esbuild/openbsd-x64": "0.25.10", "@esbuild/openharmony-arm64": "0.25.10", "@esbuild/sunos-x64": "0.25.10", "@esbuild/win32-arm64": "0.25.10", "@esbuild/win32-ia32": "0.25.10", "@esbuild/win32-x64": "0.25.10" }, "bin": { "esbuild": "bin/esbuild" } }, "sha512-9RiGKvCwaqxO2owP61uQ4BgNborAQskMR6QusfWzQqv7AZOg5oGehdY2pRJMTKuwxd1IDBP4rSbI5lHzU7SMsQ=="],

    "events": ["events@3.3.0", "", {}, "sha512-mQw+2fkQbALzQ7V0MY0IqdnXNOeTtP4r0lN9z7AAawCXgqea7bDii20AYrIBrFd/Hx0M2Ocz6S111CaFkUcb0Q=="],

    "fast-check": ["fast-check@3.23.2", "", { "dependencies": { "pure-rand": "^6.1.0" } }, "sha512-h5+1OzzfCC3Ef7VbtKdcv7zsstUQwUDlYpUTvjeUsJAssPgLn7QzbboPtL5ro04Mq0rPOsMzl7q5hIbRs2wD1A=="],

    "fdir": ["fdir@6.5.0", "", { "peerDependencies": { "picomatch": "^3 || ^4" }, "optionalPeers": ["picomatch"] }, "sha512-tIbYtZbucOs0BRGqPJkshJUYdL+SDH7dVM8gjy+ERp3WAUjLEFJE+02kanyHtwjWOnwrKYBiwAmM0p4kLJAnXg=="],

    "fill-range": ["fill-range@7.1.1", "", { "dependencies": { "to-regex-range": "^5.0.1" } }, "sha512-YsGpe3WHLK8ZYi4tWDg2Jy3ebRz2rXowDxnld4bkQB00cc/1Zw9AWnC0i9ztDJitivtQvaI9KaLyKrc+hBW0yg=="],

    "find-my-way-ts": ["find-my-way-ts@0.1.6", "", {}, "sha512-a85L9ZoXtNAey3Y6Z+eBWW658kO/MwR7zIafkIUPUMf3isZG0NCs2pjW2wtjxAKuJPxMAsHUIP4ZPGv0o5gyTA=="],

    "fsevents": ["fsevents@2.3.3", "", { "os": "darwin" }, "sha512-5xoDfX+fL7faATnagmWPpbFtwh/R77WmMMqqHGS65C3vvB0YHrgF+B1YmZ3441tMj5n63k0212XNoJwzlhffQw=="],

    "graphology": ["graphology@0.26.0-alpha1", "", { "dependencies": { "events": "^3.3.0", "obliterator": "^2.0.2" }, "peerDependencies": { "graphology-types": ">=0.24.0" } }, "sha512-XQ3b+P3Vvljq/mF+O15R5PlR8kVpRL8K8vhJWW9Enh2+iGNn5c3WZNpXP2OaAacfNV3a9gV3Ia6+Qz6do2JZ8w=="],

    "graphology-dag": ["graphology-dag@0.4.1", "", { "dependencies": { "graphology-utils": "^2.4.1", "mnemonist": "^0.39.0" }, "peerDependencies": { "graphology-types": ">=0.19.0" } }, "sha512-3ch9oOAnHZDoT043vyg7ukmSkKJ505nFzaHaYOn0IF2PgGo5VtIavyVK4UpbIa4tli3hhGm1ZTdBsubTmaxu/w=="],

    "graphology-types": ["graphology-types@0.24.8", "", {}, "sha512-hDRKYXa8TsoZHjgEaysSRyPdT6uB78Ci8WnjgbStlQysz7xR52PInxNsmnB7IBOM1BhikxkNyCVEFgmPKnpx3Q=="],

    "graphology-utils": ["graphology-utils@2.5.2", "", { "peerDependencies": { "graphology-types": ">=0.23.0" } }, "sha512-ckHg8MXrXJkOARk56ZaSCM1g1Wihe2d6iTmz1enGOz4W/l831MBCKSayeFQfowgF8wd+PQ4rlch/56Vs/VZLDQ=="],

    "ini": ["ini@4.1.3", "", {}, "sha512-X7rqawQBvfdjS10YU1y1YVreA3SsLrW9dX2CewP2EbBJM4ypVNLDkO5y04gejPwKIY9lR+7r9gn3rFPt/kmWFg=="],

    "is-extglob": ["is-extglob@2.1.1", "", {}, "sha512-SbKbANkN603Vi4jEZv49LeVJMn4yGwsbzZworEoyEiutsN3nJYdbO36zfhGJ6QEDpOZIFkDtnq5JRxmvl3jsoQ=="],

    "is-glob": ["is-glob@4.0.3", "", { "dependencies": { "is-extglob": "^2.1.1" } }, "sha512-xelSayHH36ZgE7ZWhli7pW34hNbNl8Ojv5KVmkJD4hBdD3th8Tfk9vYasLM+mXWOZhFkgZfxhLSnrwRr4elSSg=="],

    "is-number": ["is-number@7.0.0", "", {}, "sha512-41Cifkg6e8TylSpdtTpeLVMqvSBEVzTttHvERD741+pnZ8ANv0004MRL43QKPDlK9cGvNp6NZWZUBlbGXYxxng=="],

    "micromatch": ["micromatch@4.0.8", "", { "dependencies": { "braces": "^3.0.3", "picomatch": "^2.3.1" } }, "sha512-PXwfBhYu0hBCPw8Dn0E+WDYb7af3dSLVWKi3HGv84IdF4TyFoC0ysxFd0Goxw7nSv4T/PzEJQxsYsEiFCKo2BA=="],

    "mime": ["mime@3.0.0", "", { "bin": { "mime": "cli.js" } }, "sha512-jSCU7/VB1loIWBZe14aEYHU/+1UMEHoaO7qxCOVJOw9GgH72VAWppxNcjU+x9a2k3GSIBXNKxXQFqRvvZ7vr3A=="],

    "mnemonist": ["mnemonist@0.39.8", "", { "dependencies": { "obliterator": "^2.0.1" } }, "sha512-vyWo2K3fjrUw8YeeZ1zF0fy6Mu59RHokURlld8ymdUPjMlD9EC9ov1/YPqTgqRvUN9nTr3Gqfz29LYAmu0PHPQ=="],

    "msgpackr": ["msgpackr@1.11.2", "", { "optionalDependencies": { "msgpackr-extract": "^3.0.2" } }, "sha512-F9UngXRlPyWCDEASDpTf6c9uNhGPTqnTeLVt7bN+bU1eajoR/8V9ys2BRaV5C/e5ihE6sJ9uPIKaYt6bFuO32g=="],

    "msgpackr-extract": ["msgpackr-extract@3.0.3", "", { "dependencies": { "node-gyp-build-optional-packages": "5.2.2" }, "optionalDependencies": { "@msgpackr-extract/msgpackr-extract-darwin-arm64": "3.0.3", "@msgpackr-extract/msgpackr-extract-darwin-x64": "3.0.3", "@msgpackr-extract/msgpackr-extract-linux-arm": "3.0.3", "@msgpackr-extract/msgpackr-extract-linux-arm64": "3.0.3", "@msgpackr-extract/msgpackr-extract-linux-x64": "3.0.3", "@msgpackr-extract/msgpackr-extract-win32-x64": "3.0.3" }, "bin": { "download-msgpackr-prebuilds": "bin/download-prebuilds.js" } }, "sha512-P0efT1C9jIdVRefqjzOQ9Xml57zpOXnIuS+csaB4MdZbTdmGDLo8XhzBG1N7aO11gKDDkJvBLULeFTo46wwreA=="],

    "multipasta": ["multipasta@0.2.7", "", {}, "sha512-KPA58d68KgGil15oDqXjkUBEBYc00XvbPj5/X+dyzeo/lWm9Nc25pQRlf1D+gv4OpK7NM0J1odrbu9JNNGvynA=="],

    "nanoid": ["nanoid@3.3.11", "", { "bin": { "nanoid": "bin/nanoid.cjs" } }, "sha512-N8SpfPUnUp1bK+PMYW8qSWdl9U+wwNWI4QKxOYDy9JAro3WMX7p2OeVRF9v+347pnakNevPmiHhNmZ2HbFA76w=="],

    "node-addon-api": ["node-addon-api@7.1.1", "", {}, "sha512-5m3bsyrjFWE1xf7nz7YXdN4udnVtXK6/Yfgn5qnahL6bCkf2yKt4k3nuTKAtT4r3IG8JNR2ncsIMdZuAzJjHQQ=="],

    "node-gyp-build-optional-packages": ["node-gyp-build-optional-packages@5.2.2", "", { "dependencies": { "detect-libc": "^2.0.1" }, "bin": { "node-gyp-build-optional-packages": "bin.js", "node-gyp-build-optional-packages-optional": "optional.js", "node-gyp-build-optional-packages-test": "build-test.js" } }, "sha512-s+w+rBWnpTMwSFbaE0UXsRlg7hU4FjekKU4eyAih5T8nJuNZT1nNsskXpxmeqSK9UzkBl6UgRlnKc8hz8IEqOw=="],

    "obliterator": ["obliterator@2.0.5", "", {}, "sha512-42CPE9AhahZRsMNslczq0ctAEtqk8Eka26QofnqC346BZdHDySk3LWka23LI7ULIw11NmltpiLagIq8gBozxTw=="],

    "picocolors": ["picocolors@1.1.1", "", {}, "sha512-xceH2snhtb5M9liqDsmEw56le376mTZkEX/jEb/RxNFyegNul7eNslCXP9FDj/Lcu0X8KEyMceP2ntpaHrDEVA=="],

    "picomatch": ["picomatch@4.0.3", "", {}, "sha512-5gTmgEY/sqK6gFXLIsQNH19lWb4ebPDLA4SdLP7dsWkIXHWlG66oPuVvXSGFPppYZz8ZDZq0dYYrbHfBCVUb1Q=="],

    "postcss": ["postcss@8.5.6", "", { "dependencies": { "nanoid": "^3.3.11", "picocolors": "^1.1.1", "source-map-js": "^1.2.1" } }, "sha512-3Ybi1tAuwAP9s0r1UQ2J4n5Y0G05bJkpUIO0/bI9MhwmD70S5aTWbXGBwxHrelT+XM1k6dM0pk+SwNkpTRN7Pg=="],

    "pretty-bytes": ["pretty-bytes@6.1.1", "", {}, "sha512-mQUvGU6aUFQ+rNvTIAcZuWGRT9a6f6Yrg9bHs4ImKF+HZCEK+plBvnAZYSIQztknZF2qnzNtr6F8s0+IuptdlQ=="],

    "pure-rand": ["pure-rand@6.1.0", "", {}, "sha512-bVWawvoZoBYpp6yIoQtQXHZjmz35RSVHnUOTefl8Vcjr8snTPY1wnpSPMWekcFwbxI6gtmT7rSYPFvz71ldiOA=="],

    "retend": ["retend@https://pkg.pr.new/resuite/retend@77be303", { "dependencies": { "@adbl/cells": "^0.0.18", "csstype": "^3.1.3" } }],

    "rollup": ["rollup@4.52.3", "", { "dependencies": { "@types/estree": "1.0.8" }, "optionalDependencies": { "@rollup/rollup-android-arm-eabi": "4.52.3", "@rollup/rollup-android-arm64": "4.52.3", "@rollup/rollup-darwin-arm64": "4.52.3", "@rollup/rollup-darwin-x64": "4.52.3", "@rollup/rollup-freebsd-arm64": "4.52.3", "@rollup/rollup-freebsd-x64": "4.52.3", "@rollup/rollup-linux-arm-gnueabihf": "4.52.3", "@rollup/rollup-linux-arm-musleabihf": "4.52.3", "@rollup/rollup-linux-arm64-gnu": "4.52.3", "@rollup/rollup-linux-arm64-musl": "4.52.3", "@rollup/rollup-linux-loong64-gnu": "4.52.3", "@rollup/rollup-linux-ppc64-gnu": "4.52.3", "@rollup/rollup-linux-riscv64-gnu": "4.52.3", "@rollup/rollup-linux-riscv64-musl": "4.52.3", "@rollup/rollup-linux-s390x-gnu": "4.52.3", "@rollup/rollup-linux-x64-gnu": "4.52.3", "@rollup/rollup-linux-x64-musl": "4.52.3", "@rollup/rollup-openharmony-arm64": "4.52.3", "@rollup/rollup-win32-arm64-msvc": "4.52.3", "@rollup/rollup-win32-ia32-msvc": "4.52.3", "@rollup/rollup-win32-x64-gnu": "4.52.3", "@rollup/rollup-win32-x64-msvc": "4.52.3", "fsevents": "~2.3.2" }, "bin": { "rollup": "dist/bin/rollup" } }, "sha512-RIDh866U8agLgiIcdpB+COKnlCreHJLfIhWC3LVflku5YHfpnsIKigRZeFfMfCc4dVcqNVfQQ5gO/afOck064A=="],

    "source-map-js": ["source-map-js@1.2.1", "", {}, "sha512-UXWMKhLOwVKb728IUtQPXxfYU+usdybtUrK/8uGE8CQMvrhOpwvzDBwj0QhSL7MQc7vIsISBG8VQ8+IDQxpfQA=="],

    "tinyglobby": ["tinyglobby@0.2.15", "", { "dependencies": { "fdir": "^6.5.0", "picomatch": "^4.0.3" } }, "sha512-j2Zq4NyQYG5XMST4cbs02Ak8iJUdxRM0XI5QyxXuZOzKOINmWurp3smXu3y5wDcJrptwpSjgXHzIQxR0omXljQ=="],

    "to-regex-range": ["to-regex-range@5.0.1", "", { "dependencies": { "is-number": "^7.0.0" } }, "sha512-65P7iz6X5yEr1cwcgvQxbbIw7Uk3gOy5dIdtZ4rDveLqhrdJP+Li/Hx6tyK0NEb+2GCyneCMJiGqrADCSNk8sQ=="],

    "toml": ["toml@3.0.0", "", {}, "sha512-y/mWCZinnvxjTKYhJ+pYxwD0mRLVvOtdS2Awbgxln6iEnt4rk0yBxeSBHkGJcPucRiG0e55mwWp+g/05rsrd6w=="],

    "typescript": ["typescript@5.9.2", "", { "bin": { "tsc": "bin/tsc", "tsserver": "bin/tsserver" } }, "sha512-CWBzXQrc/qOkhidw1OzBTQuYRbfyxDXJMVJ1XNwUHGROVmuaeiEm3OslpZ1RV96d7SKKjZKrSJu3+t/xlw3R9A=="],

    "undici": ["undici@7.16.0", "", {}, "sha512-QEg3HPMll0o3t2ourKwOeUAZ159Kn9mx5pnzHRQO8+Wixmh88YdZRiIwat0iNzNNXn0yoEtXJqFpyW7eM8BV7g=="],

    "undici-types": ["undici-types@7.12.0", "", {}, "sha512-goOacqME2GYyOZZfb5Lgtu+1IDmAlAEu5xnD3+xTzS10hT0vzpf0SPjkXwAw9Jm+4n/mQGDP3LO8CPbYROeBfQ=="],

    "uuid": ["uuid@11.1.0", "", { "bin": { "uuid": "dist/esm/bin/uuid" } }, "sha512-0/A9rDy9P7cJ+8w1c9WD9V//9Wj15Ce2MPz8Ri6032usz+NfePxx5AcN3bN+r6ZL6jEo066/yNYB3tn4pQEx+A=="],

    "vite": ["vite@6.3.6", "", { "dependencies": { "esbuild": "^0.25.0", "fdir": "^6.4.4", "picomatch": "^4.0.2", "postcss": "^8.5.3", "rollup": "^4.34.9", "tinyglobby": "^0.2.13" }, "optionalDependencies": { "fsevents": "~2.3.3" }, "peerDependencies": { "@types/node": "^18.0.0 || ^20.0.0 || >=22.0.0", "jiti": ">=1.21.0", "less": "*", "lightningcss": "^1.21.0", "sass": "*", "sass-embedded": "*", "stylus": "*", "sugarss": "*", "terser": "^5.16.0", "tsx": "^4.8.1", "yaml": "^2.4.2" }, "optionalPeers": ["@types/node", "jiti", "less", "lightningcss", "sass", "sass-embedded", "stylus", "sugarss", "terser", "tsx", "yaml"], "bin": { "vite": "bin/vite.js" } }, "sha512-0msEVHJEScQbhkbVTb/4iHZdJ6SXp/AvxL2sjwYQFfBqleHtnCqv1J3sa9zbWz/6kW1m9Tfzn92vW+kZ1WV6QA=="],

    "ws": ["ws@8.18.3", "", { "peerDependencies": { "bufferutil": "^4.0.1", "utf-8-validate": ">=5.0.2" }, "optionalPeers": ["bufferutil", "utf-8-validate"] }, "sha512-PEIGCY5tSlUt50cqyMXfCzX+oOPqN0vuGqWzbcJ2xvnkzkq46oOpz7dQaTDBdfICb4N14+GARUDw2XV2N4tvzg=="],

    "yaml": ["yaml@2.8.1", "", { "bin": { "yaml": "bin.mjs" } }, "sha512-lcYcMxX2PO9XMGvAJkJ3OsNMw+/7FKes7/hgerGUYWIoWu5j/+YQqcZr5JnPZWzOsEBgMbSbiSTn/dv/69Mkpw=="],

    "@livestore/utils/nanoid": ["nanoid@5.1.3", "", { "bin": { "nanoid": "bin/nanoid.js" } }, "sha512-zAbEOEr7u2CbxwoMRlz/pNSpRP0FdAU4pRaYunCdEezWohXFs+a0Xw7RfkKaezMsmSM1vttcLthJtwRnVtOfHQ=="],

    "micromatch/picomatch": ["picomatch@2.3.1", "", {}, "sha512-JU3teHTNjmE2VCGFzuY8EXzCDVwEqB2a8fsIvwaStHhAWJEeVd1o1QD80CU6+ZdEXXSLbSsuLwJjkCBWqRQUVA=="],

    "node-gyp-build-optional-packages/detect-libc": ["detect-libc@2.1.1", "", {}, "sha512-ecqj/sy1jcK1uWrwpR67UhYrIFQ+5WlGxth34WquCbamhFA6hkkwiu37o6J5xCHdo1oixJRfVRw+ywV+Hq/0Aw=="],
  }
}
